
Microsoft Visual Studio Solution File, Format Version 12.00
# Visual Studio Version 16
VisualStudioVersion = 16.0.30804.86
MinimumVisualStudioVersion = 10.0.40219.1
Project("{F184B08F-C81C-45F6-A57F-5ABD9991F28F}") = "SpaceResection", "SpaceResection.vbproj", "{4E6F5D30-FFBC-4F20-8608-41B6737ADC6F}"
EndProject
Global
	GlobalSection(SolutionConfigurationPlatforms) = preSolution
		Debug|Any CPU = Debug|Any CPU
		Release|Any CPU = Release|Any CPU
	EndGlobalSection
	GlobalSection(ProjectConfigurationPlatforms) = postSolution
		{4E6F5D30-FFBC-4F20-8608-41B6737ADC6F}.Debug|Any CPU.ActiveCfg = Debug|Any CPU
		{4E6F5D30-FFBC-4F20-8608-41B6737ADC6F}.Debug|Any CPU.Build.0 = Debug|Any CPU
		{4E6F5D30-FFBC-4F20-8608-41B6737ADC6F}.Release|Any CPU.ActiveCfg = Release|Any CPU
		{4E6F5D30-FFBC-4F20-8608-41B6737ADC6F}.Release|Any CPU.Build.0 = Release|Any CPU
	EndGlobalSection
	GlobalSection(SolutionProperties) = preSolution
		HideSolutionNode = FALSE
	EndGlobalSection
	GlobalSection(ExtensibilityGlobals) = postSolution
		SolutionGuid = {12F22752-6C75-491C-82C6-F7DF1ACDFD2E}
	EndGlobalSection
EndGlobal
